
Microsoft Visual Studio Solution File, Format Version 12.00
# Visual Studio 15
VisualStudioVersion = 15.0.28010.2041
MinimumVisualStudioVersion = 10.0.40219.1
Project("{FAE04EC0-301F-11D3-BF4B-00C04F79EFBC}") = "ActiveDirectoryUserCheck", "ActiveDirectoryUserCheck\ActiveDirectoryUserCheck.csproj", "{64E1CF03-2BCE-4312-8F94-BCC796F4CC13}"
EndProject
Project("{FAE04EC0-301F-11D3-BF4B-00C04F79EFBC}") = "ActiveDirectoryServices", "ActiveDirectoryServices\ActiveDirectoryServices.csproj", "{50754F7F-1241-4D02-B590-C2BAC9A9F121}"
EndProject
Global
	GlobalSection(SolutionConfigurationPlatforms) = preSolution
		Debug|Any CPU = Debug|Any CPU
		Release|Any CPU = Release|Any CPU
	EndGlobalSection
	GlobalSection(ProjectConfigurationPlatforms) = postSolution
		{64E1CF03-2BCE-4312-8F94-BCC796F4CC13}.Debug|Any CPU.ActiveCfg = Debug|Any CPU
		{64E1CF03-2BCE-4312-8F94-BCC796F4CC13}.Debug|Any CPU.Build.0 = Debug|Any CPU
		{64E1CF03-2BCE-4312-8F94-BCC796F4CC13}.Release|Any CPU.ActiveCfg = Release|Any CPU
		{64E1CF03-2BCE-4312-8F94-BCC796F4CC13}.Release|Any CPU.Build.0 = Release|Any CPU
		{50754F7F-1241-4D02-B590-C2BAC9A9F121}.Debug|Any CPU.ActiveCfg = Debug|Any CPU
		{50754F7F-1241-4D02-B590-C2BAC9A9F121}.Debug|Any CPU.Build.0 = Debug|Any CPU
		{50754F7F-1241-4D02-B590-C2BAC9A9F121}.Release|Any CPU.ActiveCfg = Release|Any CPU
		{50754F7F-1241-4D02-B590-C2BAC9A9F121}.Release|Any CPU.Build.0 = Release|Any CPU
	EndGlobalSection
	GlobalSection(SolutionProperties) = preSolution
		HideSolutionNode = FALSE
	EndGlobalSection
	GlobalSection(ExtensibilityGlobals) = postSolution
		SolutionGuid = {F668E07B-A45E-442D-9D2D-91FAFE340863}
	EndGlobalSection
EndGlobal
